// !$*UTF8*$!
{
	archiveVersion = 1;
	classes = {
	};
	objectVersion = 51;
	objects = {

/* Begin PBXBuildFile section */
		1D0B01AE239530E600ED66FC /* Swift_FireMapsCore_JGC.xcdatamodeld in Sources */ = {isa = PBXBuildFile; fileRef = 1D0B01AC239530E600ED66FC /* Swift_FireMapsCore_JGC.xcdatamodeld */; };
		1D0E118423957F5F00AAB940 /* ProfileViewController.swift in Sources */ = {isa = PBXBuildFile; fileRef = 1D0E118323957F5F00AAB940 /* ProfileViewController.swift */; };
		1D101A33239827BC0019EAF9 /* PersistenceService.swift in Sources */ = {isa = PBXBuildFile; fileRef = 1D101A32239827BC0019EAF9 /* PersistenceService.swift */; };
		1D5F968F238F0487001A35B5 /* AppDelegate.swift in Sources */ = {isa = PBXBuildFile; fileRef = 1D5F968E238F0487001A35B5 /* AppDelegate.swift */; };
		1D5F9691238F0487001A35B5 /* LoginViewController.swift in Sources */ = {isa = PBXBuildFile; fileRef = 1D5F9690238F0487001A35B5 /* LoginViewController.swift */; };
		1D5F9694238F0487001A35B5 /* Main.storyboard in Resources */ = {isa = PBXBuildFile; fileRef = 1D5F9692238F0487001A35B5 /* Main.storyboard */; };
		1D5F9696238F0488001A35B5 /* Assets.xcassets in Resources */ = {isa = PBXBuildFile; fileRef = 1D5F9695238F0488001A35B5 /* Assets.xcassets */; };
		1D5F9699238F0488001A35B5 /* LaunchScreen.storyboard in Resources */ = {isa = PBXBuildFile; fileRef = 1D5F9697238F0488001A35B5 /* LaunchScreen.storyboard */; };
		1D5F96A9238F0591001A35B5 /* MapsViewController.swift in Sources */ = {isa = PBXBuildFile; fileRef = 1D5F96A8238F0591001A35B5 /* MapsViewController.swift */; };
		1D5F96AB238F05AB001A35B5 /* RegisterViewController.swift in Sources */ = {isa = PBXBuildFile; fileRef = 1D5F96AA238F05AB001A35B5 /* RegisterViewController.swift */; };
		1D5F96AD238F0B6F001A35B5 /* GoogleService-Info.plist in Resources */ = {isa = PBXBuildFile; fileRef = 1D5F96AC238F0B6F001A35B5 /* GoogleService-Info.plist */; };
		1D66C35C2394537800D86B3D /* Constants.swift in Sources */ = {isa = PBXBuildFile; fileRef = 1D66C35B2394537800D86B3D /* Constants.swift */; };
		E95608CAE52D166CC708F270 /* Pods_Swift_FireMapsCore_JGC.framework in Frameworks */ = {isa = PBXBuildFile; fileRef = 1D319732F8FC30E4163D7BE3 /* Pods_Swift_FireMapsCore_JGC.framework */; };
/* End PBXBuildFile section */

/* Begin PBXFileReference section */
		1D0B01AD239530E600ED66FC /* Swift_FireMapsCore_JGC.xcdatamodel */ = {isa = PBXFileReference; lastKnownFileType = wrapper.xcdatamodel; path = Swift_FireMapsCore_JGC.xcdatamodel; sourceTree = "<group>"; };
		1D0E118323957F5F00AAB940 /* ProfileViewController.swift */ = {isa = PBXFileReference; lastKnownFileType = sourcecode.swift; path = ProfileViewController.swift; sourceTree = "<group>"; };
		1D101A32239827BC0019EAF9 /* PersistenceService.swift */ = {isa = PBXFileReference; lastKnownFileType = sourcecode.swift; path = PersistenceService.swift; sourceTree = "<group>"; };
		1D319732F8FC30E4163D7BE3 /* Pods_Swift_FireMapsCore_JGC.framework */ = {isa = PBXFileReference; explicitFileType = wrapper.framework; includeInIndex = 0; path = Pods_Swift_FireMapsCore_JGC.framework; sourceTree = BUILT_PRODUCTS_DIR; };
		1D5F968B238F0487001A35B5 /* Swift_FireMapsCore_JGC.app */ = {isa = PBXFileReference; explicitFileType = wrapper.application; includeInIndex = 0; path = Swift_FireMapsCore_JGC.app; sourceTree = BUILT_PRODUCTS_DIR; };
		1D5F968E238F0487001A35B5 /* AppDelegate.swift */ = {isa = PBXFileReference; lastKnownFileType = sourcecode.swift; path = AppDelegate.swift; sourceTree = "<group>"; };
		1D5F9690238F0487001A35B5 /* LoginViewController.swift */ = {isa = PBXFileReference; lastKnownFileType = sourcecode.swift; path = LoginViewController.swift; sourceTree = "<group>"; };
		1D5F9693238F0487001A35B5 /* Base */ = {isa = PBXFileReference; lastKnownFileType = file.storyboard; name = Base; path = Base.lproj/Main.storyboard; sourceTree = "<group>"; };
		1D5F9695238F0488001A35B5 /* Assets.xcassets */ = {isa = PBXFileReference; lastKnownFileType = folder.assetcatalog; path = Assets.xcassets; sourceTree = "<group>"; };
		1D5F9698238F0488001A35B5 /* Base */ = {isa = PBXFileReference; lastKnownFileType = file.storyboard; name = Base; path = Base.lproj/LaunchScreen.storyboard; sourceTree = "<group>"; };
		1D5F969A238F0488001A35B5 /* Info.plist */ = {isa = PBXFileReference; lastKnownFileType = text.plist.xml; path = Info.plist; sourceTree = "<group>"; };
		1D5F96A8238F0591001A35B5 /* MapsViewController.swift */ = {isa = PBXFileReference; lastKnownFileType = sourcecode.swift; path = MapsViewController.swift; sourceTree = "<group>"; };
		1D5F96AA238F05AB001A35B5 /* RegisterViewController.swift */ = {isa = PBXFileReference; lastKnownFileType = sourcecode.swift; path = RegisterViewController.swift; sourceTree = "<group>"; };
		1D5F96AC238F0B6F001A35B5 /* GoogleService-Info.plist */ = {isa = PBXFileReference; fileEncoding = 4; lastKnownFileType = text.plist.xml; name = "GoogleService-Info.plist"; path = "Swift_FireMapsCore_JGC/GoogleService-Info.plist"; sourceTree = "<group>"; };
		1D66C35B2394537800D86B3D /* Constants.swift */ = {isa = PBXFileReference; lastKnownFileType = sourcecode.swift; path = Constants.swift; sourceTree = "<group>"; };
		EC556F95FB4C52DE6F715543 /* Pods-Swift_FireMapsCore_JGC.debug.xcconfig */ = {isa = PBXFileReference; includeInIndex = 1; lastKnownFileType = text.xcconfig; name = "Pods-Swift_FireMapsCore_JGC.debug.xcconfig"; path = "Target Support Files/Pods-Swift_FireMapsCore_JGC/Pods-Swift_FireMapsCore_JGC.debug.xcconfig"; sourceTree = "<group>"; };
		F08BB72CE371D63CA32871BD /* Pods-Swift_FireMapsCore_JGC.release.xcconfig */ = {isa = PBXFileReference; includeInIndex = 1; lastKnownFileType = text.xcconfig; name = "Pods-Swift_FireMapsCore_JGC.release.xcconfig"; path = "Target Support Files/Pods-Swift_FireMapsCore_JGC/Pods-Swift_FireMapsCore_JGC.release.xcconfig"; sourceTree = "<group>"; };
/* End PBXFileReference section */

/* Begin PBXFrameworksBuildPhase section */
		1D5F9688238F0487001A35B5 /* Frameworks */ = {
			isa = PBXFrameworksBuildPhase;
			buildActionMask = 2147483647;
			files = (
				E95608CAE52D166CC708F270 /* Pods_Swift_FireMapsCore_JGC.framework in Frameworks */,
			);
			runOnlyForDeploymentPostprocessing = 0;
		};
/* End PBXFrameworksBuildPhase section */

/* Begin PBXGroup section */
		1D0E118223957F4A00AAB940 /* Profile */ = {
			isa = PBXGroup;
			children = (
				1D0E118323957F5F00AAB940 /* ProfileViewController.swift */,
			);
			path = Profile;
			sourceTree = "<group>";
		};
		1D5F9682238F0487001A35B5 = {
			isa = PBXGroup;
			children = (
				1D0B01AC239530E600ED66FC /* Swift_FireMapsCore_JGC.xcdatamodeld */,
				1D5F96AC238F0B6F001A35B5 /* GoogleService-Info.plist */,
				1D5F968D238F0487001A35B5 /* Swift_FireMapsCore_JGC */,
				1D5F968C238F0487001A35B5 /* Products */,
				25D252349707F7525D5E2110 /* Pods */,
				50B3C9CC8A8D27C9C91AB111 /* Frameworks */,
			);
			sourceTree = "<group>";
		};
		1D5F968C238F0487001A35B5 /* Products */ = {
			isa = PBXGroup;
			children = (
				1D5F968B238F0487001A35B5 /* Swift_FireMapsCore_JGC.app */,
			);
			name = Products;
			sourceTree = "<group>";
		};
		1D5F968D238F0487001A35B5 /* Swift_FireMapsCore_JGC */ = {
			isa = PBXGroup;
			children = (
				1D66C35A2394534B00D86B3D /* Helpers */,
				1D5F96A4238F0545001A35B5 /* Resources */,
				1D5F96A3238F0526001A35B5 /* App */,
				1D5F96A2238F0515001A35B5 /* ViewControllers */,
				1D5F96A1238F04D3001A35B5 /* Views */,
				1D5F96A0238F04CB001A35B5 /* Models */,
				1D5F969A238F0488001A35B5 /* Info.plist */,
			);
			path = Swift_FireMapsCore_JGC;
			sourceTree = "<group>";
		};
		1D5F96A0238F04CB001A35B5 /* Models */ = {
			isa = PBXGroup;
			children = (
				1D101A32239827BC0019EAF9 /* PersistenceService.swift */,
			);
			path = Models;
			sourceTree = "<group>";
		};
		1D5F96A1238F04D3001A35B5 /* Views */ = {
			isa = PBXGroup;
			children = (
				1D5F9697238F0488001A35B5 /* LaunchScreen.storyboard */,
				1D5F9692238F0487001A35B5 /* Main.storyboard */,
			);
			path = Views;
			sourceTree = "<group>";
		};
		1D5F96A2238F0515001A35B5 /* ViewControllers */ = {
			isa = PBXGroup;
			children = (
				1D0E118223957F4A00AAB940 /* Profile */,
				1D5F96A7238F056C001A35B5 /* Maps */,
				1D5F96A6238F0566001A35B5 /* Register */,
				1D5F96A5238F0561001A35B5 /* Login */,
			);
			path = ViewControllers;
			sourceTree = "<group>";
		};
		1D5F96A3238F0526001A35B5 /* App */ = {
			isa = PBXGroup;
			children = (
				1D5F968E238F0487001A35B5 /* AppDelegate.swift */,
			);
			path = App;
			sourceTree = "<group>";
		};
		1D5F96A4238F0545001A35B5 /* Resources */ = {
			isa = PBXGroup;
			children = (
				1D5F9695238F0488001A35B5 /* Assets.xcassets */,
			);
			path = Resources;
			sourceTree = "<group>";
		};
		1D5F96A5238F0561001A35B5 /* Login */ = {
			isa = PBXGroup;
			children = (
				1D5F9690238F0487001A35B5 /* LoginViewController.swift */,
			);
			path = Login;
			sourceTree = "<group>";
		};
		1D5F96A6238F0566001A35B5 /* Register */ = {
			isa = PBXGroup;
			children = (
				1D5F96AA238F05AB001A35B5 /* RegisterViewController.swift */,
			);
			path = Register;
			sourceTree = "<group>";
		};
		1D5F96A7238F056C001A35B5 /* Maps */ = {
			isa = PBXGroup;
			children = (
				1D5F96A8238F0591001A35B5 /* MapsViewController.swift */,
			);
			path = Maps;
			sourceTree = "<group>";
		};
		1D66C35A2394534B00D86B3D /* Helpers */ = {
			isa = PBXGroup;
			children = (
				1D66C35B2394537800D86B3D /* Constants.swift */,
			);
			path = Helpers;
			sourceTree = "<group>";
		};
		25D252349707F7525D5E2110 /* Pods */ = {
			isa = PBXGroup;
			children = (
				EC556F95FB4C52DE6F715543 /* Pods-Swift_FireMapsCore_JGC.debug.xcconfig */,
				F08BB72CE371D63CA32871BD /* Pods-Swift_FireMapsCore_JGC.release.xcconfig */,
			);
			path = Pods;
			sourceTree = "<group>";
		};
		50B3C9CC8A8D27C9C91AB111 /* Frameworks */ = {
			isa = PBXGroup;
			children = (
				1D319732F8FC30E4163D7BE3 /* Pods_Swift_FireMapsCore_JGC.framework */,
			);
			name = Frameworks;
			sourceTree = "<group>";
		};
/* End PBXGroup section */

/* Begin PBXNativeTarget section */
		1D5F968A238F0487001A35B5 /* Swift_FireMapsCore_JGC */ = {
			isa = PBXNativeTarget;
			buildConfigurationList = 1D5F969D238F0488001A35B5 /* Build configuration list for PBXNativeTarget "Swift_FireMapsCore_JGC" */;
			buildPhases = (
				4517641C9333BEBE1F8EAC5A /* [CP] Check Pods Manifest.lock */,
				1D5F9687238F0487001A35B5 /* Sources */,
				1D5F9688238F0487001A35B5 /* Frameworks */,
				1D5F9689238F0487001A35B5 /* Resources */,
				C3FB18B448E74515F498CED4 /* [CP] Embed Pods Frameworks */,
				662FA9FAF43D8E26E6C0797F /* [CP] Copy Pods Resources */,
			);
			buildRules = (
			);
			dependencies = (
			);
			name = Swift_FireMapsCore_JGC;
			productName = Swift_FireMapsCore_JGC;
			productReference = 1D5F968B238F0487001A35B5 /* Swift_FireMapsCore_JGC.app */;
			productType = "com.apple.product-type.application";
		};
/* End PBXNativeTarget section */

/* Begin PBXProject section */
		1D5F9683238F0487001A35B5 /* Project object */ = {
			isa = PBXProject;
			attributes = {
				LastSwiftUpdateCheck = 1020;
				LastUpgradeCheck = 1020;
				ORGANIZATIONNAME = "Javier Gandia";
				TargetAttributes = {
					1D5F968A238F0487001A35B5 = {
						CreatedOnToolsVersion = 10.2.1;
					};
				};
			};
			buildConfigurationList = 1D5F9686238F0487001A35B5 /* Build configuration list for PBXProject "Swift_FireMapsCore_JGC" */;
			compatibilityVersion = "Xcode 9.3";
			developmentRegion = en;
			hasScannedForEncodings = 0;
			knownRegions = (
				en,
				Base,
			);
			mainGroup = 1D5F9682238F0487001A35B5;
			productRefGroup = 1D5F968C238F0487001A35B5 /* Products */;
			projectDirPath = "";
			projectRoot = "";
			targets = (
				1D5F968A238F0487001A35B5 /* Swift_FireMapsCore_JGC */,
			);
		};
/* End PBXProject section */

/* Begin PBXResourcesBuildPhase section */
		1D5F9689238F0487001A35B5 /* Resources */ = {
			isa = PBXResourcesBuildPhase;
			buildActionMask = 2147483647;
			files = (
				1D5F9699238F0488001A35B5 /* LaunchScreen.storyboard in Resources */,
				1D5F96AD238F0B6F001A35B5 /* GoogleService-Info.plist in Resources */,
				1D5F9696238F0488001A35B5 /* Assets.xcassets in Resources */,
				1D5F9694238F0487001A35B5 /* Main.storyboard in Resources */,
			);
			runOnlyForDeploymentPostprocessing = 0;
		};
/* End PBXResourcesBuildPhase section */

/* Begin PBXShellScriptBuildPhase section */
		4517641C9333BEBE1F8EAC5A /* [CP] Check Pods Manifest.lock */ = {
			isa = PBXShellScriptBuildPhase;
			buildActionMask = 2147483647;
			files = (
			);
			inputFileListPaths = (
			);
			inputPaths = (
				"${PODS_PODFILE_DIR_PATH}/Podfile.lock",
				"${PODS_ROOT}/Manifest.lock",
			);
			name = "[CP] Check Pods Manifest.lock";
			outputFileListPaths = (
			);
			outputPaths = (
				"$(DERIVED_FILE_DIR)/Pods-Swift_FireMapsCore_JGC-checkManifestLockResult.txt",
			);
			runOnlyForDeploymentPostprocessing = 0;
			shellPath = /bin/sh;
			shellScript = "diff \"${PODS_PODFILE_DIR_PATH}/Podfile.lock\" \"${PODS_ROOT}/Manifest.lock\" > /dev/null\nif [ $? != 0 ] ; then\n    # print error to STDERR\n    echo \"error: The sandbox is not in sync with the Podfile.lock. Run 'pod install' or update your CocoaPods installation.\" >&2\n    exit 1\nfi\n# This output is used by Xcode 'outputs' to avoid re-running this script phase.\necho \"SUCCESS\" > \"${SCRIPT_OUTPUT_FILE_0}\"\n";
			showEnvVarsInLog = 0;
		};
		662FA9FAF43D8E26E6C0797F /* [CP] Copy Pods Resources */ = {
			isa = PBXShellScriptBuildPhase;
			buildActionMask = 2147483647;
			files = (
			);
			inputFileListPaths = (
				"${PODS_ROOT}/Target Support Files/Pods-Swift_FireMapsCore_JGC/Pods-Swift_FireMapsCore_JGC-resources-${CONFIGURATION}-input-files.xcfilelist",
			);
			name = "[CP] Copy Pods Resources";
			outputFileListPaths = (
				"${PODS_ROOT}/Target Support Files/Pods-Swift_FireMapsCore_JGC/Pods-Swift_FireMapsCore_JGC-resources-${CONFIGURATION}-output-files.xcfilelist",
			);
			runOnlyForDeploymentPostprocessing = 0;
			shellPath = /bin/sh;
			shellScript = "\"${PODS_ROOT}/Target Support Files/Pods-Swift_FireMapsCore_JGC/Pods-Swift_FireMapsCore_JGC-resources.sh\"\n";
			showEnvVarsInLog = 0;
		};
		C3FB18B448E74515F498CED4 /* [CP] Embed Pods Frameworks */ = {
			isa = PBXShellScriptBuildPhase;
			buildActionMask = 2147483647;
			files = (
			);
			inputFileListPaths = (
				"${PODS_ROOT}/Target Support Files/Pods-Swift_FireMapsCore_JGC/Pods-Swift_FireMapsCore_JGC-frameworks-${CONFIGURATION}-input-files.xcfilelist",
			);
			name = "[CP] Embed Pods Frameworks";
			outputFileListPaths = (
				"${PODS_ROOT}/Target Support Files/Pods-Swift_FireMapsCore_JGC/Pods-Swift_FireMapsCore_JGC-frameworks-${CONFIGURATION}-output-files.xcfilelist",
			);
			runOnlyForDeploymentPostprocessing = 0;
			shellPath = /bin/sh;
			shellScript = "\"${PODS_ROOT}/Target Support Files/Pods-Swift_FireMapsCore_JGC/Pods-Swift_FireMapsCore_JGC-frameworks.sh\"\n";
			showEnvVarsInLog = 0;
		};
/* End PBXShellScriptBuildPhase section */

/* Begin PBXSourcesBuildPhase section */
		1D5F9687238F0487001A35B5 /* Sources */ = {
			isa = PBXSourcesBuildPhase;
			buildActionMask = 2147483647;
			files = (
				1D66C35C2394537800D86B3D /* Constants.swift in Sources */,
				1D101A33239827BC0019EAF9 /* PersistenceService.swift in Sources */,
				1D5F96A9238F0591001A35B5 /* MapsViewController.swift in Sources */,
				1D5F9691238F0487001A35B5 /* LoginViewController.swift in Sources */,
				1D5F968F238F0487001A35B5 /* AppDelegate.swift in Sources */,
				1D0E118423957F5F00AAB940 /* ProfileViewController.swift in Sources */,
				1D0B01AE239530E600ED66FC /* Swift_FireMapsCore_JGC.xcdatamodeld in Sources */,
				1D5F96AB238F05AB001A35B5 /* RegisterViewController.swift in Sources */,
			);
			runOnlyForDeploymentPostprocessing = 0;
		};
/* End PBXSourcesBuildPhase section */

/* Begin PBXVariantGroup section */
		1D5F9692238F0487001A35B5 /* Main.storyboard */ = {
			isa = PBXVariantGroup;
			children = (
				1D5F9693238F0487001A35B5 /* Base */,
			);
			name = Main.storyboard;
			sourceTree = "<group>";
		};
		1D5F9697238F0488001A35B5 /* LaunchScreen.storyboard */ = {
			isa = PBXVariantGroup;
			children = (
				1D5F9698238F0488001A35B5 /* Base */,
			);
			name = LaunchScreen.storyboard;
			sourceTree = "<group>";
		};
/* End PBXVariantGroup section */

/* Begin XCBuildConfiguration section */
		1D5F969B238F0488001A35B5 /* Debug */ = {
			isa = XCBuildConfiguration;
			buildSettings = {
				ALWAYS_SEARCH_USER_PATHS = NO;
				CLANG_ANALYZER_NONNULL = YES;
				CLANG_ANALYZER_NUMBER_OBJECT_CONVERSION = YES_AGGRESSIVE;
				CLANG_CXX_LANGUAGE_STANDARD = "gnu++14";
				CLANG_CXX_LIBRARY = "libc++";
				CLANG_ENABLE_MODULES = YES;
				CLANG_ENABLE_OBJC_ARC = YES;
				CLANG_ENABLE_OBJC_WEAK = YES;
				CLANG_WARN_BLOCK_CAPTURE_AUTORELEASING = YES;
				CLANG_WARN_BOOL_CONVERSION = YES;
				CLANG_WARN_COMMA = YES;
				CLANG_WARN_CONSTANT_CONVERSION = YES;
				CLANG_WARN_DEPRECATED_OBJC_IMPLEMENTATIONS = YES;
				CLANG_WARN_DIRECT_OBJC_ISA_USAGE = YES_ERROR;
				CLANG_WARN_DOCUMENTATION_COMMENTS = YES;
				CLANG_WARN_EMPTY_BODY = YES;
				CLANG_WARN_ENUM_CONVERSION = YES;
				CLANG_WARN_INFINITE_RECURSION = YES;
				CLANG_WARN_INT_CONVERSION = YES;
				CLANG_WARN_NON_LITERAL_NULL_CONVERSION = YES;
				CLANG_WARN_OBJC_IMPLICIT_RETAIN_SELF = YES;
				CLANG_WARN_OBJC_LITERAL_CONVERSION = YES;
				CLANG_WARN_OBJC_ROOT_CLASS = YES_ERROR;
				CLANG_WARN_RANGE_LOOP_ANALYSIS = YES;
				CLANG_WARN_STRICT_PROTOTYPES = YES;
				CLANG_WARN_SUSPICIOUS_MOVE = YES;
				CLANG_WARN_UNGUARDED_AVAILABILITY = YES_AGGRESSIVE;
				CLANG_WARN_UNREACHABLE_CODE = YES;
				CLANG_WARN__DUPLICATE_METHOD_MATCH = YES;
				CODE_SIGN_IDENTITY = "iPhone Developer";
				COPY_PHASE_STRIP = NO;
				DEBUG_INFORMATION_FORMAT = dwarf;
				ENABLE_STRICT_OBJC_MSGSEND = YES;
				ENABLE_TESTABILITY = YES;
				GCC_C_LANGUAGE_STANDARD = gnu11;
				GCC_DYNAMIC_NO_PIC = NO;
				GCC_NO_COMMON_BLOCKS = YES;
				GCC_OPTIMIZATION_LEVEL = 0;
				GCC_PREPROCESSOR_DEFINITIONS = (
					"DEBUG=1",
					"$(inherited)",
				);
				GCC_WARN_64_TO_32_BIT_CONVERSION = YES;
				GCC_WARN_ABOUT_RETURN_TYPE = YES_ERROR;
				GCC_WARN_UNDECLARED_SELECTOR = YES;
				GCC_WARN_UNINITIALIZED_AUTOS = YES_AGGRESSIVE;
				GCC_WARN_UNUSED_FUNCTION = YES;
				GCC_WARN_UNUSED_VARIABLE = YES;
				IPHONEOS_DEPLOYMENT_TARGET = 12.2;
				MTL_ENABLE_DEBUG_INFO = INCLUDE_SOURCE;
				MTL_FAST_MATH = YES;
				ONLY_ACTIVE_ARCH = YES;
				SDKROOT = iphoneos;
				SWIFT_ACTIVE_COMPILATION_CONDITIONS = DEBUG;
				SWIFT_OPTIMIZATION_LEVEL = "-Onone";
			};
			name = Debug;
		};
		1D5F969C238F0488001A35B5 /* Release */ = {
			isa = XCBuildConfiguration;
			buildSettings = {
				ALWAYS_SEARCH_USER_PATHS = NO;
				CLANG_ANALYZER_NONNULL = YES;
				CLANG_ANALYZER_NUMBER_OBJECT_CONVERSION = YES_AGGRESSIVE;
				CLANG_CXX_LANGUAGE_STANDARD = "gnu++14";
				CLANG_CXX_LIBRARY = "libc++";
				CLANG_ENABLE_MODULES = YES;
				CLANG_ENABLE_OBJC_ARC = YES;
				CLANG_ENABLE_OBJC_WEAK = YES;
				CLANG_WARN_BLOCK_CAPTURE_AUTORELEASING = YES;
				CLANG_WARN_BOOL_CONVERSION = YES;
				CLANG_WARN_COMMA = YES;
				CLANG_WARN_CONSTANT_CONVERSION = YES;
				CLANG_WARN_DEPRECATED_OBJC_IMPLEMENTATIONS = YES;
				CLANG_WARN_DIRECT_OBJC_ISA_USAGE = YES_ERROR;
				CLANG_WARN_DOCUMENTATION_COMMENTS = YES;
				CLANG_WARN_EMPTY_BODY = YES;
				CLANG_WARN_ENUM_CONVERSION = YES;
				CLANG_WARN_INFINITE_RECURSION = YES;
				CLANG_WARN_INT_CONVERSION = YES;
				CLANG_WARN_NON_LITERAL_NULL_CONVERSION = YES;
				CLANG_WARN_OBJC_IMPLICIT_RETAIN_SELF = YES;
				CLANG_WARN_OBJC_LITERAL_CONVERSION = YES;
				CLANG_WARN_OBJC_ROOT_CLASS = YES_ERROR;
				CLANG_WARN_RANGE_LOOP_ANALYSIS = YES;
				CLANG_WARN_STRICT_PROTOTYPES = YES;
				CLANG_WARN_SUSPICIOUS_MOVE = YES;
				CLANG_WARN_UNGUARDED_AVAILABILITY = YES_AGGRESSIVE;
				CLANG_WARN_UNREACHABLE_CODE = YES;
				CLANG_WARN__DUPLICATE_METHOD_MATCH = YES;
				CODE_SIGN_IDENTITY = "iPhone Developer";
				COPY_PHASE_STRIP = NO;
				DEBUG_INFORMATION_FORMAT = "dwarf-with-dsym";
				ENABLE_NS_ASSERTIONS = NO;
				ENABLE_STRICT_OBJC_MSGSEND = YES;
				GCC_C_LANGUAGE_STANDARD = gnu11;
				GCC_NO_COMMON_BLOCKS = YES;
				GCC_WARN_64_TO_32_BIT_CONVERSION = YES;
				GCC_WARN_ABOUT_RETURN_TYPE = YES_ERROR;
				GCC_WARN_UNDECLARED_SELECTOR = YES;
				GCC_WARN_UNINITIALIZED_AUTOS = YES_AGGRESSIVE;
				GCC_WARN_UNUSED_FUNCTION = YES;
				GCC_WARN_UNUSED_VARIABLE = YES;
				IPHONEOS_DEPLOYMENT_TARGET = 12.2;
				MTL_ENABLE_DEBUG_INFO = NO;
				MTL_FAST_MATH = YES;
				SDKROOT = iphoneos;
				SWIFT_COMPILATION_MODE = wholemodule;
				SWIFT_OPTIMIZATION_LEVEL = "-O";
				VALIDATE_PRODUCT = YES;
			};
			name = Release;
		};
		1D5F969E238F0488001A35B5 /* Debug */ = {
			isa = XCBuildConfiguration;
			baseConfigurationReference = EC556F95FB4C52DE6F715543 /* Pods-Swift_FireMapsCore_JGC.debug.xcconfig */;
			buildSettings = {
				ASSETCATALOG_COMPILER_APPICON_NAME = AppIcon;
				CODE_SIGN_STYLE = Automatic;
				DEVELOPMENT_TEAM = UT6GTFQZFQ;
				INFOPLIST_FILE = Swift_FireMapsCore_JGC/Info.plist;
				LD_RUNPATH_SEARCH_PATHS = (
					"$(inherited)",
					"@executable_path/Frameworks",
				);
				PRODUCT_BUNDLE_IDENTIFIER = "com.jgc.Swift-FireMapsCore-JGC";
				PRODUCT_NAME = "$(TARGET_NAME)";
				SWIFT_VERSION = 5.0;
				TARGETED_DEVICE_FAMILY = "1,2";
			};
			name = Debug;
		};
		1D5F969F238F0488001A35B5 /* Release */ = {
			isa = XCBuildConfiguration;
			baseConfigurationReference = F08BB72CE371D63CA32871BD /* Pods-Swift_FireMapsCore_JGC.release.xcconfig */;
			buildSettings = {
				ASSETCATALOG_COMPILER_APPICON_NAME = AppIcon;
				CODE_SIGN_STYLE = Automatic;
				DEVELOPMENT_TEAM = UT6GTFQZFQ;
				INFOPLIST_FILE = Swift_FireMapsCore_JGC/Info.plist;
				LD_RUNPATH_SEARCH_PATHS = (
					"$(inherited)",
					"@executable_path/Frameworks",
				);
				PRODUCT_BUNDLE_IDENTIFIER = "com.jgc.Swift-FireMapsCore-JGC";
				PRODUCT_NAME = "$(TARGET_NAME)";
				SWIFT_VERSION = 5.0;
				TARGETED_DEVICE_FAMILY = "1,2";
			};
			name = Release;
		};
/* End XCBuildConfiguration section */

/* Begin XCConfigurationList section */
		1D5F9686238F0487001A35B5 /* Build configuration list for PBXProject "Swift_FireMapsCore_JGC" */ = {
			isa = XCConfigurationList;
			buildConfigurations = (
				1D5F969B238F0488001A35B5 /* Debug */,
				1D5F969C238F0488001A35B5 /* Release */,
			);
			defaultConfigurationIsVisible = 0;
			defaultConfigurationName = Release;
		};
		1D5F969D238F0488001A35B5 /* Build configuration list for PBXNativeTarget "Swift_FireMapsCore_JGC" */ = {
			isa = XCConfigurationList;
			buildConfigurations = (
				1D5F969E238F0488001A35B5 /* Debug */,
				1D5F969F238F0488001A35B5 /* Release */,
			);
			defaultConfigurationIsVisible = 0;
			defaultConfigurationName = Release;
		};
/* End XCConfigurationList section */

/* Begin XCVersionGroup section */
		1D0B01AC239530E600ED66FC /* Swift_FireMapsCore_JGC.xcdatamodeld */ = {
			isa = XCVersionGroup;
			children = (
				1D0B01AD239530E600ED66FC /* Swift_FireMapsCore_JGC.xcdatamodel */,
			);
			currentVersion = 1D0B01AD239530E600ED66FC /* Swift_FireMapsCore_JGC.xcdatamodel */;
			path = Swift_FireMapsCore_JGC.xcdatamodeld;
			sourceTree = "<group>";
			versionGroupType = wrapper.xcdatamodel;
		};
/* End XCVersionGroup section */
	};
	rootObject = 1D5F9683238F0487001A35B5 /* Project object */;
}
